
Microsoft Visual Studio Solution File, Format Version 12.00
# Visual Studio Version 17
VisualStudioVersion = 17.5.33530.505
MinimumVisualStudioVersion = 10.0.40219.1
Project("{FAE04EC0-301F-11D3-BF4B-00C04F79EFBC}") = "KeywordKing", "KeywordKing\KeywordKing.csproj", "{47CEE2C3-663C-43BC-93C1-A81FAA92CCBC}"
EndProject
Global
	GlobalSection(SolutionConfigurationPlatforms) = preSolution
		Debug|Any CPU = Debug|Any CPU
		Release|Any CPU = Release|Any CPU
	EndGlobalSection
	GlobalSection(ProjectConfigurationPlatforms) = postSolution
		{47CEE2C3-663C-43BC-93C1-A81FAA92CCBC}.Debug|Any CPU.ActiveCfg = Debug|Any CPU
		{47CEE2C3-663C-43BC-93C1-A81FAA92CCBC}.Debug|Any CPU.Build.0 = Debug|Any CPU
		{47CEE2C3-663C-43BC-93C1-A81FAA92CCBC}.Release|Any CPU.ActiveCfg = Release|Any CPU
		{47CEE2C3-663C-43BC-93C1-A81FAA92CCBC}.Release|Any CPU.Build.0 = Release|Any CPU
	EndGlobalSection
	GlobalSection(SolutionProperties) = preSolution
		HideSolutionNode = FALSE
	EndGlobalSection
	GlobalSection(ExtensibilityGlobals) = postSolution
		SolutionGuid = {D8096CBD-092D-4ED9-9B65-8B23AE41B33C}
	EndGlobalSection
EndGlobal
